
Microsoft Visual Studio Solution File, Format Version 12.00
# Visual Studio Version 17
VisualStudioVersion = 17.7.34221.43
MinimumVisualStudioVersion = 10.0.40219.1
Project("{9A19103F-16F7-4668-BE54-9A1E7A4F7556}") = "WebAPI", "WebAPI\WebAPI.csproj", "{6CA410F5-1AC4-45A7-ADE1-280469AD76BB}"
EndProject
Project("{9A19103F-16F7-4668-BE54-9A1E7A4F7556}") = "Application", "Application\Application.csproj", "{EF420C0A-195A-46E2-8C47-303BE4C7E4C4}"
EndProject
Project("{9A19103F-16F7-4668-BE54-9A1E7A4F7556}") = "Domain", "Domain\Domain.csproj", "{17372C34-8705-4AC6-B24C-FA72D932E5DF}"
EndProject
Project("{9A19103F-16F7-4668-BE54-9A1E7A4F7556}") = "Persistence", "Persistence\Persistence.csproj", "{9A822CDC-3E7A-4948-887A-98B4A44A7321}"
EndProject
Project("{9A19103F-16F7-4668-BE54-9A1E7A4F7556}") = "Core", "Core\Core.csproj", "{BE5099AA-2593-4FAE-9803-383DEC86456C}"
EndProject
Project("{FAE04EC0-301F-11D3-BF4B-00C04F79EFBC}") = "RabbitMqConsumerConsole", "RabbitMqConsumerConsole\RabbitMqConsumerConsole.csproj", "{FAD2DAF0-D461-4146-87C6-2B2949FDFFE7}"
EndProject
Global
	GlobalSection(SolutionConfigurationPlatforms) = preSolution
		Debug|Any CPU = Debug|Any CPU
		Release|Any CPU = Release|Any CPU
	EndGlobalSection
	GlobalSection(ProjectConfigurationPlatforms) = postSolution
		{6CA410F5-1AC4-45A7-ADE1-280469AD76BB}.Debug|Any CPU.ActiveCfg = Debug|Any CPU
		{6CA410F5-1AC4-45A7-ADE1-280469AD76BB}.Debug|Any CPU.Build.0 = Debug|Any CPU
		{6CA410F5-1AC4-45A7-ADE1-280469AD76BB}.Release|Any CPU.ActiveCfg = Release|Any CPU
		{6CA410F5-1AC4-45A7-ADE1-280469AD76BB}.Release|Any CPU.Build.0 = Release|Any CPU
		{EF420C0A-195A-46E2-8C47-303BE4C7E4C4}.Debug|Any CPU.ActiveCfg = Debug|Any CPU
		{EF420C0A-195A-46E2-8C47-303BE4C7E4C4}.Debug|Any CPU.Build.0 = Debug|Any CPU
		{EF420C0A-195A-46E2-8C47-303BE4C7E4C4}.Release|Any CPU.ActiveCfg = Release|Any CPU
		{EF420C0A-195A-46E2-8C47-303BE4C7E4C4}.Release|Any CPU.Build.0 = Release|Any CPU
		{17372C34-8705-4AC6-B24C-FA72D932E5DF}.Debug|Any CPU.ActiveCfg = Debug|Any CPU
		{17372C34-8705-4AC6-B24C-FA72D932E5DF}.Debug|Any CPU.Build.0 = Debug|Any CPU
		{17372C34-8705-4AC6-B24C-FA72D932E5DF}.Release|Any CPU.ActiveCfg = Release|Any CPU
		{17372C34-8705-4AC6-B24C-FA72D932E5DF}.Release|Any CPU.Build.0 = Release|Any CPU
		{9A822CDC-3E7A-4948-887A-98B4A44A7321}.Debug|Any CPU.ActiveCfg = Debug|Any CPU
		{9A822CDC-3E7A-4948-887A-98B4A44A7321}.Debug|Any CPU.Build.0 = Debug|Any CPU
		{9A822CDC-3E7A-4948-887A-98B4A44A7321}.Release|Any CPU.ActiveCfg = Release|Any CPU
		{9A822CDC-3E7A-4948-887A-98B4A44A7321}.Release|Any CPU.Build.0 = Release|Any CPU
		{BE5099AA-2593-4FAE-9803-383DEC86456C}.Debug|Any CPU.ActiveCfg = Debug|Any CPU
		{BE5099AA-2593-4FAE-9803-383DEC86456C}.Debug|Any CPU.Build.0 = Debug|Any CPU
		{BE5099AA-2593-4FAE-9803-383DEC86456C}.Release|Any CPU.ActiveCfg = Release|Any CPU
		{BE5099AA-2593-4FAE-9803-383DEC86456C}.Release|Any CPU.Build.0 = Release|Any CPU
		{FAD2DAF0-D461-4146-87C6-2B2949FDFFE7}.Debug|Any CPU.ActiveCfg = Debug|Any CPU
		{FAD2DAF0-D461-4146-87C6-2B2949FDFFE7}.Debug|Any CPU.Build.0 = Debug|Any CPU
		{FAD2DAF0-D461-4146-87C6-2B2949FDFFE7}.Release|Any CPU.ActiveCfg = Release|Any CPU
		{FAD2DAF0-D461-4146-87C6-2B2949FDFFE7}.Release|Any CPU.Build.0 = Release|Any CPU
	EndGlobalSection
	GlobalSection(SolutionProperties) = preSolution
		HideSolutionNode = FALSE
	EndGlobalSection
	GlobalSection(ExtensibilityGlobals) = postSolution
		SolutionGuid = {E7E71B1A-D034-4657-B64A-12E4E850508E}
	EndGlobalSection
EndGlobal
